{
  "requires": true,
  "lockfileVersion": 1,
  "dependencies": {
    "express-favicon": {
      "version": "2.0.1",
      "resolved": "https://registry.npmjs.org/express-favicon/-/express-favicon-2.0.1.tgz",
      "integrity": "sha512-KZZF9lIUKU9lkyZM/7AVql7qeXA6EVkHCU5rGU4NvgbWNcYFn6zvCw3cwS5IY/vvP+MzVNVvBABnWfaVZoy7bQ=="
    }
  }
}
